
Microsoft Visual Studio Solution File, Format Version 12.00
# Visual Studio 15
VisualStudioVersion = 15.0.26403.0
MinimumVisualStudioVersion = 10.0.40219.1
Project("{FAE04EC0-301F-11D3-BF4B-00C04F79EFBC}") = "Assignment_4", "Assignment_4\Assignment_4.csproj", "{528B69C6-E0F3-4FF5-BB2E-61CAB9BD0759}"
EndProject
Project("{FAE04EC0-301F-11D3-BF4B-00C04F79EFBC}") = "Fibonacci", "..\Fib\Assignment_4_Solution\Assignment_4\Fibonacci.csproj", "{3DC600FB-2623-4943-A34F-3C77C1873740}"
EndProject
Global
	GlobalSection(SolutionConfigurationPlatforms) = preSolution
		Debug|Any CPU = Debug|Any CPU
		Release|Any CPU = Release|Any CPU
	EndGlobalSection
	GlobalSection(ProjectConfigurationPlatforms) = postSolution
		{528B69C6-E0F3-4FF5-BB2E-61CAB9BD0759}.Debug|Any CPU.ActiveCfg = Debug|Any CPU
		{528B69C6-E0F3-4FF5-BB2E-61CAB9BD0759}.Debug|Any CPU.Build.0 = Debug|Any CPU
		{528B69C6-E0F3-4FF5-BB2E-61CAB9BD0759}.Release|Any CPU.ActiveCfg = Release|Any CPU
		{528B69C6-E0F3-4FF5-BB2E-61CAB9BD0759}.Release|Any CPU.Build.0 = Release|Any CPU
		{3DC600FB-2623-4943-A34F-3C77C1873740}.Debug|Any CPU.ActiveCfg = Debug|Any CPU
		{3DC600FB-2623-4943-A34F-3C77C1873740}.Debug|Any CPU.Build.0 = Debug|Any CPU
		{3DC600FB-2623-4943-A34F-3C77C1873740}.Release|Any CPU.ActiveCfg = Release|Any CPU
		{3DC600FB-2623-4943-A34F-3C77C1873740}.Release|Any CPU.Build.0 = Release|Any CPU
	EndGlobalSection
	GlobalSection(SolutionProperties) = preSolution
		HideSolutionNode = FALSE
	EndGlobalSection
EndGlobal
